
Microsoft Visual Studio Solution File, Format Version 12.00
# Visual Studio Version 17
VisualStudioVersion = 17.6.33801.468
MinimumVisualStudioVersion = 10.0.40219.1
Project("{FAE04EC0-301F-11D3-BF4B-00C04F79EFBC}") = "teste_redicionamento", "teste_redicionamento\teste_redicionamento.csproj", "{A6523681-AA0E-4976-BCF3-34D8039B9B51}"
EndProject
Global
	GlobalSection(SolutionConfigurationPlatforms) = preSolution
		Debug|Any CPU = Debug|Any CPU
		Release|Any CPU = Release|Any CPU
	EndGlobalSection
	GlobalSection(ProjectConfigurationPlatforms) = postSolution
		{A6523681-AA0E-4976-BCF3-34D8039B9B51}.Debug|Any CPU.ActiveCfg = Debug|Any CPU
		{A6523681-AA0E-4976-BCF3-34D8039B9B51}.Debug|Any CPU.Build.0 = Debug|Any CPU
		{A6523681-AA0E-4976-BCF3-34D8039B9B51}.Release|Any CPU.ActiveCfg = Release|Any CPU
		{A6523681-AA0E-4976-BCF3-34D8039B9B51}.Release|Any CPU.Build.0 = Release|Any CPU
	EndGlobalSection
	GlobalSection(SolutionProperties) = preSolution
		HideSolutionNode = FALSE
	EndGlobalSection
	GlobalSection(ExtensibilityGlobals) = postSolution
		SolutionGuid = {D7B34712-1F68-4C61-B886-7F1090AFA694}
	EndGlobalSection
EndGlobal
